
Microsoft Visual Studio Solution File, Format Version 12.00
# Visual Studio 15
VisualStudioVersion = 15.0.27004.2008
MinimumVisualStudioVersion = 10.0.40219.1
Project("{FAE04EC0-301F-11D3-BF4B-00C04F79EFBC}") = "Tedd.MoreRandom", "Tedd.MoreRandom\Tedd.MoreRandom.csproj", "{6EDE1124-7E5D-4294-A052-2A1759F42EF3}"
EndProject
Project("{FAE04EC0-301F-11D3-BF4B-00C04F79EFBC}") = "Tedd.MoreRandom.Test", "Tedd.MoreRandom.Test\Tedd.MoreRandom.Test.csproj", "{D6EF9D1B-F28F-4CCC-8A47-3A1093BCC704}"
EndProject
Global
	GlobalSection(SolutionConfigurationPlatforms) = preSolution
		Debug|Any CPU = Debug|Any CPU
		Release|Any CPU = Release|Any CPU
	EndGlobalSection
	GlobalSection(ProjectConfigurationPlatforms) = postSolution
		{6EDE1124-7E5D-4294-A052-2A1759F42EF3}.Debug|Any CPU.ActiveCfg = Debug|Any CPU
		{6EDE1124-7E5D-4294-A052-2A1759F42EF3}.Debug|Any CPU.Build.0 = Debug|Any CPU
		{6EDE1124-7E5D-4294-A052-2A1759F42EF3}.Release|Any CPU.ActiveCfg = Release|Any CPU
		{6EDE1124-7E5D-4294-A052-2A1759F42EF3}.Release|Any CPU.Build.0 = Release|Any CPU
		{D6EF9D1B-F28F-4CCC-8A47-3A1093BCC704}.Debug|Any CPU.ActiveCfg = Debug|Any CPU
		{D6EF9D1B-F28F-4CCC-8A47-3A1093BCC704}.Debug|Any CPU.Build.0 = Debug|Any CPU
		{D6EF9D1B-F28F-4CCC-8A47-3A1093BCC704}.Release|Any CPU.ActiveCfg = Release|Any CPU
		{D6EF9D1B-F28F-4CCC-8A47-3A1093BCC704}.Release|Any CPU.Build.0 = Release|Any CPU
	EndGlobalSection
	GlobalSection(SolutionProperties) = preSolution
		HideSolutionNode = FALSE
	EndGlobalSection
	GlobalSection(ExtensibilityGlobals) = postSolution
		SolutionGuid = {73C3FDED-028E-4D25-A86D-EFDD37A217CF}
	EndGlobalSection
EndGlobal
